
Microsoft Visual Studio Solution File, Format Version 12.00
# Visual Studio 14
VisualStudioVersion = 14.0.25420.1
MinimumVisualStudioVersion = 10.0.40219.1
Project("{FAE04EC0-301F-11D3-BF4B-00C04F79EFBC}") = "Tín Phát Metech", "Tín Phát Metech\Tín Phát Metech.csproj", "{D13400D6-37F6-46E0-B45F-101CB6440500}"
EndProject
Project("{FAE04EC0-301F-11D3-BF4B-00C04F79EFBC}") = "Model", "Model\Model.csproj", "{10105967-2704-477B-B6B1-0B999C9D377C}"
EndProject
Project("{FAE04EC0-301F-11D3-BF4B-00C04F79EFBC}") = "Database", "Database\Database.csproj", "{40A73F27-B746-4344-9163-7C887961925D}"
EndProject
Global
	GlobalSection(SolutionConfigurationPlatforms) = preSolution
		Debug|Any CPU = Debug|Any CPU
		Release|Any CPU = Release|Any CPU
	EndGlobalSection
	GlobalSection(ProjectConfigurationPlatforms) = postSolution
		{D13400D6-37F6-46E0-B45F-101CB6440500}.Debug|Any CPU.ActiveCfg = Debug|Any CPU
		{D13400D6-37F6-46E0-B45F-101CB6440500}.Debug|Any CPU.Build.0 = Debug|Any CPU
		{D13400D6-37F6-46E0-B45F-101CB6440500}.Release|Any CPU.ActiveCfg = Release|Any CPU
		{D13400D6-37F6-46E0-B45F-101CB6440500}.Release|Any CPU.Build.0 = Release|Any CPU
		{10105967-2704-477B-B6B1-0B999C9D377C}.Debug|Any CPU.ActiveCfg = Debug|Any CPU
		{10105967-2704-477B-B6B1-0B999C9D377C}.Debug|Any CPU.Build.0 = Debug|Any CPU
		{10105967-2704-477B-B6B1-0B999C9D377C}.Release|Any CPU.ActiveCfg = Release|Any CPU
		{10105967-2704-477B-B6B1-0B999C9D377C}.Release|Any CPU.Build.0 = Release|Any CPU
		{40A73F27-B746-4344-9163-7C887961925D}.Debug|Any CPU.ActiveCfg = Debug|Any CPU
		{40A73F27-B746-4344-9163-7C887961925D}.Debug|Any CPU.Build.0 = Debug|Any CPU
		{40A73F27-B746-4344-9163-7C887961925D}.Release|Any CPU.ActiveCfg = Release|Any CPU
		{40A73F27-B746-4344-9163-7C887961925D}.Release|Any CPU.Build.0 = Release|Any CPU
	EndGlobalSection
	GlobalSection(SolutionProperties) = preSolution
		HideSolutionNode = FALSE
	EndGlobalSection
EndGlobal
